# This file is automatically @generated by Cargo.
# It is not intended for manual editing.
version = 3

[[package]]
name = "aarch64"
version = "0.1.0"
dependencies = [
 "ethnum",
 "sleigh4rust",
]

[[package]]
name = "aarch64_applesilicon"
version = "0.1.0"
dependencies = [
 "ethnum",
 "sleigh4rust",
]

[[package]]
name = "aarch64be"
version = "0.1.0"
dependencies = [
 "ethnum",
 "sleigh4rust",
]

[[package]]
name = "aho-corasick"
version = "0.7.20"
source = "registry+https://github.com/rust-lang/crates.io-index"
checksum = "cc936419f96fa211c1b9166887b38e5e40b19958e5b895be7c1f93adec7071ac"
dependencies = [
 "memchr",
]

[[package]]
name = "arm4_be"
version = "0.1.0"
dependencies = [
 "ethnum",
 "sleigh4rust",
]

[[package]]
name = "arm4_le"
version = "0.1.0"
dependencies = [
 "ethnum",
 "sleigh4rust",
]

[[package]]
name = "arm4t_be"
version = "0.1.0"
dependencies = [
 "ethnum",
 "sleigh4rust",
]

[[package]]
name = "arm4t_le"
version = "0.1.0"
dependencies = [
 "ethnum",
 "sleigh4rust",
]

[[package]]
name = "arm5_be"
version = "0.1.0"
dependencies = [
 "ethnum",
 "sleigh4rust",
]

[[package]]
name = "arm5_le"
version = "0.1.0"
dependencies = [
 "ethnum",
 "sleigh4rust",
]

[[package]]
name = "arm5t_be"
version = "0.1.0"
dependencies = [
 "ethnum",
 "sleigh4rust",
]

[[package]]
name = "arm5t_le"
version = "0.1.0"
dependencies = [
 "ethnum",
 "sleigh4rust",
]

[[package]]
name = "arm6_be"
version = "0.1.0"
dependencies = [
 "ethnum",
 "sleigh4rust",
]

[[package]]
name = "arm6_le"
version = "0.1.0"
dependencies = [
 "ethnum",
 "sleigh4rust",
]

[[package]]
name = "arm7_be"
version = "0.1.0"
dependencies = [
 "ethnum",
 "sleigh4rust",
]

[[package]]
name = "arm7_le"
version = "0.1.0"
dependencies = [
 "ethnum",
 "sleigh4rust",
]

[[package]]
name = "arm8_be"
version = "0.1.0"
dependencies = [
 "ethnum",
 "sleigh4rust",
]

[[package]]
name = "arm8_le"
version = "0.1.0"
dependencies = [
 "ethnum",
 "sleigh4rust",
]

[[package]]
name = "avr8"
version = "0.1.0"
dependencies = [
 "ethnum",
 "sleigh4rust",
]

[[package]]
name = "avr8e"
version = "0.1.0"
dependencies = [
 "ethnum",
 "sleigh4rust",
]

[[package]]
name = "cfg-if"
version = "1.0.0"
source = "registry+https://github.com/rust-lang/crates.io-index"
checksum = "baf1de4339761588bc0619e3cbc0120ee582ebb74b53b4efbf79117bd2da40fd"

[[package]]
name = "cp1600"
version = "0.1.0"
dependencies = [
 "ethnum",
 "sleigh4rust",
]

[[package]]
name = "cr16b"
version = "0.1.0"
dependencies = [
 "ethnum",
 "sleigh4rust",
]

[[package]]
name = "cr16c"
version = "0.1.0"
dependencies = [
 "ethnum",
 "sleigh4rust",
]

[[package]]
name = "dalvik_base"
version = "0.1.0"
dependencies = [
 "ethnum",
 "sleigh4rust",
]

[[package]]
name = "dalvik_dex_android10"
version = "0.1.0"
dependencies = [
 "ethnum",
 "sleigh4rust",
]

[[package]]
name = "dalvik_dex_android11"
version = "0.1.0"
dependencies = [
 "ethnum",
 "sleigh4rust",
]

[[package]]
name = "dalvik_dex_android12"
version = "0.1.0"
dependencies = [
 "ethnum",
 "sleigh4rust",
]

[[package]]
name = "dalvik_dex_kitkat"
version = "0.1.0"
dependencies = [
 "ethnum",
 "sleigh4rust",
]

[[package]]
name = "dalvik_dex_lollipop"
version = "0.1.0"
dependencies = [
 "ethnum",
 "sleigh4rust",
]

[[package]]
name = "dalvik_dex_marshmallow"
version = "0.1.0"
dependencies = [
 "ethnum",
 "sleigh4rust",
]

[[package]]
name = "dalvik_dex_nougat"
version = "0.1.0"
dependencies = [
 "ethnum",
 "sleigh4rust",
]

[[package]]
name = "dalvik_dex_oreo"
version = "0.1.0"
dependencies = [
 "ethnum",
 "sleigh4rust",
]

[[package]]
name = "dalvik_dex_pie"
version = "0.1.0"
dependencies = [
 "ethnum",
 "sleigh4rust",
]

[[package]]
name = "dalvik_odex_kitkat"
version = "0.1.0"
dependencies = [
 "ethnum",
 "sleigh4rust",
]

[[package]]
name = "data_be_64"
version = "0.1.0"
dependencies = [
 "ethnum",
 "sleigh4rust",
]

[[package]]
name = "data_le_64"
version = "0.1.0"
dependencies = [
 "ethnum",
 "sleigh4rust",
]

[[package]]
name = "dspic30f"
version = "0.1.0"
dependencies = [
 "ethnum",
 "sleigh4rust",
]

[[package]]
name = "dspic33c"
version = "0.1.0"
dependencies = [
 "ethnum",
 "sleigh4rust",
]

[[package]]
name = "dspic33e"
version = "0.1.0"
dependencies = [
 "ethnum",
 "sleigh4rust",
]

[[package]]
name = "dspic33f"
version = "0.1.0"
dependencies = [
 "ethnum",
 "sleigh4rust",
]

[[package]]
name = "dylib_65c02"
version = "0.1.0"
dependencies = [
 "ethnum",
 "sleigh4rust",
]

[[package]]
name = "dylib_6805"
version = "0.1.0"
dependencies = [
 "ethnum",
 "sleigh4rust",
]

[[package]]
name = "dylib_6809"
version = "0.1.0"
dependencies = [
 "ethnum",
 "sleigh4rust",
]

[[package]]
name = "dylib_80251"
version = "0.1.0"
dependencies = [
 "ethnum",
 "sleigh4rust",
]

[[package]]
name = "dylib_80390"
version = "0.1.0"
dependencies = [
 "ethnum",
 "sleigh4rust",
]

[[package]]
name = "dylib_8051"
version = "0.1.0"
dependencies = [
 "ethnum",
 "sleigh4rust",
]

[[package]]
name = "dylib_8085"
version = "0.1.0"
dependencies = [
 "ethnum",
 "sleigh4rust",
]

[[package]]
name = "dyn-tester"
version = "0.1.0"
dependencies = [
 "lazy_static",
 "libloading",
 "regex",
]

[[package]]
name = "ethnum"
version = "1.3.2"
source = "registry+https://github.com/rust-lang/crates.io-index"
checksum = "0198b9d0078e0f30dedc7acbb21c974e838fc8fae3ee170128658a98cb2c1c04"

[[package]]
name = "h6309"
version = "0.1.0"
dependencies = [
 "ethnum",
 "sleigh4rust",
]

[[package]]
name = "hc05"
version = "0.1.0"
dependencies = [
 "ethnum",
 "sleigh4rust",
]

[[package]]
name = "hc08"
version = "0.1.0"
dependencies = [
 "ethnum",
 "sleigh4rust",
]

[[package]]
name = "hcs08"
version = "0.1.0"
dependencies = [
 "ethnum",
 "sleigh4rust",
]

[[package]]
name = "hcs12"
version = "0.1.0"
dependencies = [
 "ethnum",
 "sleigh4rust",
]

[[package]]
name = "jvm"
version = "0.1.0"
dependencies = [
 "ethnum",
 "sleigh4rust",
]

[[package]]
name = "lazy_static"
version = "1.4.0"
source = "registry+https://github.com/rust-lang/crates.io-index"
checksum = "e2abad23fbc42b3700f2f279844dc832adb2b2eb069b2df918f455c4e18cc646"

[[package]]
name = "libloading"
version = "0.7.4"
source = "registry+https://github.com/rust-lang/crates.io-index"
checksum = "b67380fd3b2fbe7527a606e18729d21c6f3951633d0500574c4dc22d2d638b9f"
dependencies = [
 "cfg-if",
 "winapi",
]

[[package]]
name = "m8c"
version = "0.1.0"
dependencies = [
 "ethnum",
 "sleigh4rust",
]

[[package]]
name = "mcs96"
version = "0.1.0"
dependencies = [
 "ethnum",
 "sleigh4rust",
]

[[package]]
name = "memchr"
version = "2.5.0"
source = "registry+https://github.com/rust-lang/crates.io-index"
checksum = "2dffe52ecf27772e601905b7522cb4ef790d2cc203488bbd0e2fe85fcb74566d"

[[package]]
name = "mips32be"
version = "0.1.0"
dependencies = [
 "ethnum",
 "sleigh4rust",
]

[[package]]
name = "mips32le"
version = "0.1.0"
dependencies = [
 "ethnum",
 "sleigh4rust",
]

[[package]]
name = "mips32r6be"
version = "0.1.0"
dependencies = [
 "ethnum",
 "sleigh4rust",
]

[[package]]
name = "mips32r6le"
version = "0.1.0"
dependencies = [
 "ethnum",
 "sleigh4rust",
]

[[package]]
name = "mips64be"
version = "0.1.0"
dependencies = [
 "ethnum",
 "sleigh4rust",
]

[[package]]
name = "mips64le"
version = "0.1.0"
dependencies = [
 "ethnum",
 "sleigh4rust",
]

[[package]]
name = "mx51"
version = "0.1.0"
dependencies = [
 "ethnum",
 "sleigh4rust",
]

[[package]]
name = "pa_risc32be"
version = "0.1.0"
dependencies = [
 "ethnum",
 "sleigh4rust",
]

[[package]]
name = "pic12c5xx"
version = "0.1.0"
dependencies = [
 "ethnum",
 "sleigh4rust",
]

[[package]]
name = "pic16"
version = "0.1.0"
dependencies = [
 "ethnum",
 "sleigh4rust",
]

[[package]]
name = "pic16c5x"
version = "0.1.0"
dependencies = [
 "ethnum",
 "sleigh4rust",
]

[[package]]
name = "pic16f"
version = "0.1.0"
dependencies = [
 "ethnum",
 "sleigh4rust",
]

[[package]]
name = "pic17c7xx"
version = "0.1.0"
dependencies = [
 "ethnum",
 "sleigh4rust",
]

[[package]]
name = "pic18"
version = "0.1.0"
dependencies = [
 "ethnum",
 "sleigh4rust",
]

[[package]]
name = "pic24e"
version = "0.1.0"
dependencies = [
 "ethnum",
 "sleigh4rust",
]

[[package]]
name = "pic24f"
version = "0.1.0"
dependencies = [
 "ethnum",
 "sleigh4rust",
]

[[package]]
name = "pic24h"
version = "0.1.0"
dependencies = [
 "ethnum",
 "sleigh4rust",
]

[[package]]
name = "ppc_32_4xx_be"
version = "0.1.0"
dependencies = [
 "ethnum",
 "sleigh4rust",
]

[[package]]
name = "ppc_32_4xx_le"
version = "0.1.0"
dependencies = [
 "ethnum",
 "sleigh4rust",
]

[[package]]
name = "ppc_32_be"
version = "0.1.0"
dependencies = [
 "ethnum",
 "sleigh4rust",
]

[[package]]
name = "ppc_32_le"
version = "0.1.0"
dependencies = [
 "ethnum",
 "sleigh4rust",
]

[[package]]
name = "ppc_32_quicciii_be"
version = "0.1.0"
dependencies = [
 "ethnum",
 "sleigh4rust",
]

[[package]]
name = "ppc_32_quicciii_le"
version = "0.1.0"
dependencies = [
 "ethnum",
 "sleigh4rust",
]

[[package]]
name = "ppc_64_be"
version = "0.1.0"
dependencies = [
 "ethnum",
 "sleigh4rust",
]

[[package]]
name = "ppc_64_isa_altivec_be"
version = "0.1.0"
dependencies = [
 "ethnum",
 "sleigh4rust",
]

[[package]]
name = "ppc_64_isa_altivec_le"
version = "0.1.0"
dependencies = [
 "ethnum",
 "sleigh4rust",
]

[[package]]
name = "ppc_64_isa_altivec_vle_be"
version = "0.1.0"
dependencies = [
 "ethnum",
 "sleigh4rust",
]

[[package]]
name = "ppc_64_isa_be"
version = "0.1.0"
dependencies = [
 "ethnum",
 "sleigh4rust",
]

[[package]]
name = "ppc_64_isa_le"
version = "0.1.0"
dependencies = [
 "ethnum",
 "sleigh4rust",
]

[[package]]
name = "ppc_64_isa_vle_be"
version = "0.1.0"
dependencies = [
 "ethnum",
 "sleigh4rust",
]

[[package]]
name = "ppc_64_le"
version = "0.1.0"
dependencies = [
 "ethnum",
 "sleigh4rust",
]

[[package]]
name = "regex"
version = "1.7.0"
source = "registry+https://github.com/rust-lang/crates.io-index"
checksum = "e076559ef8e241f2ae3479e36f97bd5741c0330689e217ad51ce2c76808b868a"
dependencies = [
 "aho-corasick",
 "memchr",
 "regex-syntax",
]

[[package]]
name = "regex-syntax"
version = "0.6.28"
source = "registry+https://github.com/rust-lang/crates.io-index"
checksum = "456c603be3e8d448b072f410900c09faf164fbce2d480456f50eea6e25f9c848"

[[package]]
name = "riscv_ilp32d"
version = "0.1.0"
dependencies = [
 "ethnum",
 "sleigh4rust",
]

[[package]]
name = "riscv_lp64d"
version = "0.1.0"
dependencies = [
 "ethnum",
 "sleigh4rust",
]

[[package]]
name = "sh_1"
version = "0.1.0"
dependencies = [
 "ethnum",
 "sleigh4rust",
]

[[package]]
name = "sh_2"
version = "0.1.0"
dependencies = [
 "ethnum",
 "sleigh4rust",
]

[[package]]
name = "sh_2a"
version = "0.1.0"
dependencies = [
 "ethnum",
 "sleigh4rust",
]

[[package]]
name = "sleigh4rust"
version = "0.1.0"
dependencies = [
 "ethnum",
]

[[package]]
name = "sparcv9_32"
version = "0.1.0"
dependencies = [
 "ethnum",
 "sleigh4rust",
]

[[package]]
name = "sparcv9_64"
version = "0.1.0"
dependencies = [
 "ethnum",
 "sleigh4rust",
]

[[package]]
name = "superh4_be"
version = "0.1.0"
dependencies = [
 "ethnum",
 "sleigh4rust",
]

[[package]]
name = "superh4_le"
version = "0.1.0"
dependencies = [
 "ethnum",
 "sleigh4rust",
]

[[package]]
name = "test_6502"
version = "0.1.0"
dependencies = [
 "ethnum",
 "sleigh4rust",
]

[[package]]
name = "toy64_be"
version = "0.1.0"
dependencies = [
 "ethnum",
 "sleigh4rust",
]

[[package]]
name = "toy64_be_harvard"
version = "0.1.0"
dependencies = [
 "ethnum",
 "sleigh4rust",
]

[[package]]
name = "toy64_le"
version = "0.1.0"
dependencies = [
 "ethnum",
 "sleigh4rust",
]

[[package]]
name = "toy_be"
version = "0.1.0"
dependencies = [
 "ethnum",
 "sleigh4rust",
]

[[package]]
name = "toy_be_posstack"
version = "0.1.0"
dependencies = [
 "ethnum",
 "sleigh4rust",
]

[[package]]
name = "toy_builder_be"
version = "0.1.0"
dependencies = [
 "ethnum",
 "sleigh4rust",
]

[[package]]
name = "toy_builder_be_align2"
version = "0.1.0"
dependencies = [
 "ethnum",
 "sleigh4rust",
]

[[package]]
name = "toy_builder_le"
version = "0.1.0"
dependencies = [
 "ethnum",
 "sleigh4rust",
]

[[package]]
name = "toy_builder_le_align2"
version = "0.1.0"
dependencies = [
 "ethnum",
 "sleigh4rust",
]

[[package]]
name = "toy_le"
version = "0.1.0"
dependencies = [
 "ethnum",
 "sleigh4rust",
]

[[package]]
name = "toy_wsz_be"
version = "0.1.0"
dependencies = [
 "ethnum",
 "sleigh4rust",
]

[[package]]
name = "toy_wsz_le"
version = "0.1.0"
dependencies = [
 "ethnum",
 "sleigh4rust",
]

[[package]]
name = "tricore"
version = "0.1.0"
dependencies = [
 "ethnum",
 "sleigh4rust",
]

[[package]]
name = "v850"
version = "0.1.0"
dependencies = [
 "ethnum",
 "sleigh4rust",
]

[[package]]
name = "winapi"
version = "0.3.9"
source = "registry+https://github.com/rust-lang/crates.io-index"
checksum = "5c839a674fcd7a98952e593242ea400abe93992746761e38641405d28b00f419"
dependencies = [
 "winapi-i686-pc-windows-gnu",
 "winapi-x86_64-pc-windows-gnu",
]

[[package]]
name = "winapi-i686-pc-windows-gnu"
version = "0.4.0"
source = "registry+https://github.com/rust-lang/crates.io-index"
checksum = "ac3b87c63620426dd9b991e5ce0329eff545bccbbb34f3be09ff6fb6ab51b7b6"

[[package]]
name = "winapi-x86_64-pc-windows-gnu"
version = "0.4.0"
source = "registry+https://github.com/rust-lang/crates.io-index"
checksum = "712e227841d057c1ee1cd2fb22fa7e5a5461ae8e48fa2ca79ec42cfc1931183f"

[[package]]
name = "x86"
version = "0.1.0"
dependencies = [
 "ethnum",
 "sleigh4rust",
]

[[package]]
name = "x86_64"
version = "0.1.0"
dependencies = [
 "ethnum",
 "sleigh4rust",
]

[[package]]
name = "z180"
version = "0.1.0"
dependencies = [
 "ethnum",
 "sleigh4rust",
]

[[package]]
name = "z80"
version = "0.1.0"
dependencies = [
 "ethnum",
 "sleigh4rust",
]
