# This file is automatically @generated by Cargo.
# It is not intended for manual editing.
version = 3

[[package]]
name = "aarch64"
version = "0.1.0"
dependencies = [
 "ethnum",
 "sleigh2macro",
 "sleigh4rust",
]

[[package]]
name = "aarch64_applesilicon"
version = "0.1.0"
dependencies = [
 "ethnum",
 "sleigh2macro",
 "sleigh4rust",
]

[[package]]
name = "aarch64be"
version = "0.1.0"
dependencies = [
 "ethnum",
 "sleigh2macro",
 "sleigh4rust",
]

[[package]]
name = "arm4_be"
version = "0.1.0"
dependencies = [
 "ethnum",
 "sleigh2macro",
 "sleigh4rust",
]

[[package]]
name = "arm4_le"
version = "0.1.0"
dependencies = [
 "ethnum",
 "sleigh2macro",
 "sleigh4rust",
]

[[package]]
name = "arm4t_be"
version = "0.1.0"
dependencies = [
 "ethnum",
 "sleigh2macro",
 "sleigh4rust",
]

[[package]]
name = "arm4t_le"
version = "0.1.0"
dependencies = [
 "ethnum",
 "sleigh2macro",
 "sleigh4rust",
]

[[package]]
name = "arm5_be"
version = "0.1.0"
dependencies = [
 "ethnum",
 "sleigh2macro",
 "sleigh4rust",
]

[[package]]
name = "arm5_le"
version = "0.1.0"
dependencies = [
 "ethnum",
 "sleigh2macro",
 "sleigh4rust",
]

[[package]]
name = "arm5t_be"
version = "0.1.0"
dependencies = [
 "ethnum",
 "sleigh2macro",
 "sleigh4rust",
]

[[package]]
name = "arm5t_le"
version = "0.1.0"
dependencies = [
 "ethnum",
 "sleigh2macro",
 "sleigh4rust",
]

[[package]]
name = "arm6_be"
version = "0.1.0"
dependencies = [
 "ethnum",
 "sleigh2macro",
 "sleigh4rust",
]

[[package]]
name = "arm6_le"
version = "0.1.0"
dependencies = [
 "ethnum",
 "sleigh2macro",
 "sleigh4rust",
]

[[package]]
name = "arm7_be"
version = "0.1.0"
dependencies = [
 "ethnum",
 "sleigh2macro",
 "sleigh4rust",
]

[[package]]
name = "arm7_le"
version = "0.1.0"
dependencies = [
 "ethnum",
 "sleigh2macro",
 "sleigh4rust",
]

[[package]]
name = "arm8_be"
version = "0.1.0"
dependencies = [
 "ethnum",
 "sleigh2macro",
 "sleigh4rust",
]

[[package]]
name = "arm8_le"
version = "0.1.0"
dependencies = [
 "ethnum",
 "sleigh2macro",
 "sleigh4rust",
]

[[package]]
name = "autocfg"
version = "1.1.0"
source = "registry+https://github.com/rust-lang/crates.io-index"
checksum = "d468802bab17cbc0cc575e9b053f41e72aa36bfa6b7f55e3529ffa43161b97fa"

[[package]]
name = "avr8"
version = "0.1.0"
dependencies = [
 "ethnum",
 "sleigh2macro",
 "sleigh4rust",
]

[[package]]
name = "avr8e"
version = "0.1.0"
dependencies = [
 "ethnum",
 "sleigh2macro",
 "sleigh4rust",
]

[[package]]
name = "bitvec"
version = "1.0.1"
source = "registry+https://github.com/rust-lang/crates.io-index"
checksum = "1bc2832c24239b0141d5674bb9174f9d68a8b5b3f2753311927c172ca46f7e9c"
dependencies = [
 "funty",
 "radium",
 "tap",
 "wyz",
]

[[package]]
name = "cp1600"
version = "0.1.0"
dependencies = [
 "ethnum",
 "sleigh2macro",
 "sleigh4rust",
]

[[package]]
name = "cpu_6502"
version = "0.1.0"
dependencies = [
 "ethnum",
 "sleigh2macro",
 "sleigh4rust",
]

[[package]]
name = "cpu_65c02"
version = "0.1.0"
dependencies = [
 "ethnum",
 "sleigh2macro",
 "sleigh4rust",
]

[[package]]
name = "cpu_6805"
version = "0.1.0"
dependencies = [
 "ethnum",
 "sleigh2macro",
 "sleigh4rust",
]

[[package]]
name = "cpu_6809"
version = "0.1.0"
dependencies = [
 "ethnum",
 "sleigh2macro",
 "sleigh4rust",
]

[[package]]
name = "cpu_80251"
version = "0.1.0"
dependencies = [
 "ethnum",
 "sleigh2macro",
 "sleigh4rust",
]

[[package]]
name = "cpu_80390"
version = "0.1.0"
dependencies = [
 "ethnum",
 "sleigh2macro",
 "sleigh4rust",
]

[[package]]
name = "cpu_8051"
version = "0.1.0"
dependencies = [
 "ethnum",
 "sleigh2macro",
 "sleigh4rust",
]

[[package]]
name = "cpu_8085"
version = "0.1.0"
dependencies = [
 "ethnum",
 "sleigh2macro",
 "sleigh4rust",
]

[[package]]
name = "cr16b"
version = "0.1.0"
dependencies = [
 "ethnum",
 "sleigh2macro",
 "sleigh4rust",
]

[[package]]
name = "cr16c"
version = "0.1.0"
dependencies = [
 "ethnum",
 "sleigh2macro",
 "sleigh4rust",
]

[[package]]
name = "dalvik_base"
version = "0.1.0"
dependencies = [
 "ethnum",
 "sleigh2macro",
 "sleigh4rust",
]

[[package]]
name = "dalvik_dex_android10"
version = "0.1.0"
dependencies = [
 "ethnum",
 "sleigh2macro",
 "sleigh4rust",
]

[[package]]
name = "dalvik_dex_android11"
version = "0.1.0"
dependencies = [
 "ethnum",
 "sleigh2macro",
 "sleigh4rust",
]

[[package]]
name = "dalvik_dex_android12"
version = "0.1.0"
dependencies = [
 "ethnum",
 "sleigh2macro",
 "sleigh4rust",
]

[[package]]
name = "dalvik_dex_kitkat"
version = "0.1.0"
dependencies = [
 "ethnum",
 "sleigh2macro",
 "sleigh4rust",
]

[[package]]
name = "dalvik_dex_lollipop"
version = "0.1.0"
dependencies = [
 "ethnum",
 "sleigh2macro",
 "sleigh4rust",
]

[[package]]
name = "dalvik_dex_marshmallow"
version = "0.1.0"
dependencies = [
 "ethnum",
 "sleigh2macro",
 "sleigh4rust",
]

[[package]]
name = "dalvik_dex_nougat"
version = "0.1.0"
dependencies = [
 "ethnum",
 "sleigh2macro",
 "sleigh4rust",
]

[[package]]
name = "dalvik_dex_oreo"
version = "0.1.0"
dependencies = [
 "ethnum",
 "sleigh2macro",
 "sleigh4rust",
]

[[package]]
name = "dalvik_dex_pie"
version = "0.1.0"
dependencies = [
 "ethnum",
 "sleigh2macro",
 "sleigh4rust",
]

[[package]]
name = "dalvik_odex_kitkat"
version = "0.1.0"
dependencies = [
 "ethnum",
 "sleigh2macro",
 "sleigh4rust",
]

[[package]]
name = "data_be_64"
version = "0.1.0"
dependencies = [
 "ethnum",
 "sleigh2macro",
 "sleigh4rust",
]

[[package]]
name = "data_le_64"
version = "0.1.0"
dependencies = [
 "ethnum",
 "sleigh2macro",
 "sleigh4rust",
]

[[package]]
name = "dspic30f"
version = "0.1.0"
dependencies = [
 "ethnum",
 "sleigh2macro",
 "sleigh4rust",
]

[[package]]
name = "dspic33c"
version = "0.1.0"
dependencies = [
 "ethnum",
 "sleigh2macro",
 "sleigh4rust",
]

[[package]]
name = "dspic33e"
version = "0.1.0"
dependencies = [
 "ethnum",
 "sleigh2macro",
 "sleigh4rust",
]

[[package]]
name = "dspic33f"
version = "0.1.0"
dependencies = [
 "ethnum",
 "sleigh2macro",
 "sleigh4rust",
]

[[package]]
name = "ethnum"
version = "1.3.2"
source = "registry+https://github.com/rust-lang/crates.io-index"
checksum = "0198b9d0078e0f30dedc7acbb21c974e838fc8fae3ee170128658a98cb2c1c04"

[[package]]
name = "funty"
version = "2.0.0"
source = "registry+https://github.com/rust-lang/crates.io-index"
checksum = "e6d5a32815ae3f33302d95fdcb2ce17862f8c65363dcfd29360480ba1001fc9c"

[[package]]
name = "h6309"
version = "0.1.0"
dependencies = [
 "ethnum",
 "sleigh2macro",
 "sleigh4rust",
]

[[package]]
name = "hashbrown"
version = "0.12.3"
source = "registry+https://github.com/rust-lang/crates.io-index"
checksum = "8a9ee70c43aaf417c914396645a0fa852624801b24ebb7ae78fe8272889ac888"

[[package]]
name = "hc05"
version = "0.1.0"
dependencies = [
 "ethnum",
 "sleigh2macro",
 "sleigh4rust",
]

[[package]]
name = "hc08"
version = "0.1.0"
dependencies = [
 "ethnum",
 "sleigh2macro",
 "sleigh4rust",
]

[[package]]
name = "hcs08"
version = "0.1.0"
dependencies = [
 "ethnum",
 "sleigh2macro",
 "sleigh4rust",
]

[[package]]
name = "hcs12"
version = "0.1.0"
dependencies = [
 "ethnum",
 "sleigh2macro",
 "sleigh4rust",
]

[[package]]
name = "indexmap"
version = "1.9.2"
source = "registry+https://github.com/rust-lang/crates.io-index"
checksum = "1885e79c1fc4b10f0e172c475f458b7f7b93061064d98c3293e98c5ba0c8b399"
dependencies = [
 "autocfg",
 "hashbrown",
]

[[package]]
name = "jvm"
version = "0.1.0"
dependencies = [
 "ethnum",
 "sleigh2macro",
 "sleigh4rust",
]

[[package]]
name = "litrs"
version = "0.4.0"
source = "registry+https://github.com/rust-lang/crates.io-index"
checksum = "4f17c3668f3cc1132437cdadc93dab05e52d592f06948d3f64828430c36e4a70"
dependencies = [
 "proc-macro2",
]

[[package]]
name = "m8c"
version = "0.1.0"
dependencies = [
 "ethnum",
 "sleigh2macro",
 "sleigh4rust",
]

[[package]]
name = "mcs96"
version = "0.1.0"
dependencies = [
 "ethnum",
 "sleigh2macro",
 "sleigh4rust",
]

[[package]]
name = "memchr"
version = "2.5.0"
source = "registry+https://github.com/rust-lang/crates.io-index"
checksum = "2dffe52ecf27772e601905b7522cb4ef790d2cc203488bbd0e2fe85fcb74566d"

[[package]]
name = "minimal-lexical"
version = "0.2.1"
source = "registry+https://github.com/rust-lang/crates.io-index"
checksum = "68354c5c6bd36d73ff3feceb05efa59b6acb7626617f4962be322a825e61f79a"

[[package]]
name = "mips32be"
version = "0.1.0"
dependencies = [
 "ethnum",
 "sleigh2macro",
 "sleigh4rust",
]

[[package]]
name = "mips32le"
version = "0.1.0"
dependencies = [
 "ethnum",
 "sleigh2macro",
 "sleigh4rust",
]

[[package]]
name = "mips32r6be"
version = "0.1.0"
dependencies = [
 "ethnum",
 "sleigh2macro",
 "sleigh4rust",
]

[[package]]
name = "mips32r6le"
version = "0.1.0"
dependencies = [
 "ethnum",
 "sleigh2macro",
 "sleigh4rust",
]

[[package]]
name = "mips64be"
version = "0.1.0"
dependencies = [
 "ethnum",
 "sleigh2macro",
 "sleigh4rust",
]

[[package]]
name = "mips64le"
version = "0.1.0"
dependencies = [
 "ethnum",
 "sleigh2macro",
 "sleigh4rust",
]

[[package]]
name = "mx51"
version = "0.1.0"
dependencies = [
 "ethnum",
 "sleigh2macro",
 "sleigh4rust",
]

[[package]]
name = "nom"
version = "7.1.3"
source = "registry+https://github.com/rust-lang/crates.io-index"
checksum = "d273983c5a657a70a3e8f2a01329822f3b8c8172b73826411a55751e404a0a4a"
dependencies = [
 "memchr",
 "minimal-lexical",
]

[[package]]
name = "pa_risc32be"
version = "0.1.0"
dependencies = [
 "ethnum",
 "sleigh2macro",
 "sleigh4rust",
]

[[package]]
name = "pic12c5xx"
version = "0.1.0"
dependencies = [
 "ethnum",
 "sleigh2macro",
 "sleigh4rust",
]

[[package]]
name = "pic16"
version = "0.1.0"
dependencies = [
 "ethnum",
 "sleigh2macro",
 "sleigh4rust",
]

[[package]]
name = "pic16c5x"
version = "0.1.0"
dependencies = [
 "ethnum",
 "sleigh2macro",
 "sleigh4rust",
]

[[package]]
name = "pic16f"
version = "0.1.0"
dependencies = [
 "ethnum",
 "sleigh2macro",
 "sleigh4rust",
]

[[package]]
name = "pic17c7xx"
version = "0.1.0"
dependencies = [
 "ethnum",
 "sleigh2macro",
 "sleigh4rust",
]

[[package]]
name = "pic18"
version = "0.1.0"
dependencies = [
 "ethnum",
 "sleigh2macro",
 "sleigh4rust",
]

[[package]]
name = "pic24e"
version = "0.1.0"
dependencies = [
 "ethnum",
 "sleigh2macro",
 "sleigh4rust",
]

[[package]]
name = "pic24f"
version = "0.1.0"
dependencies = [
 "ethnum",
 "sleigh2macro",
 "sleigh4rust",
]

[[package]]
name = "pic24h"
version = "0.1.0"
dependencies = [
 "ethnum",
 "sleigh2macro",
 "sleigh4rust",
]

[[package]]
name = "ppc_32_4xx_be"
version = "0.1.0"
dependencies = [
 "ethnum",
 "sleigh2macro",
 "sleigh4rust",
]

[[package]]
name = "ppc_32_4xx_le"
version = "0.1.0"
dependencies = [
 "ethnum",
 "sleigh2macro",
 "sleigh4rust",
]

[[package]]
name = "ppc_32_be"
version = "0.1.0"
dependencies = [
 "ethnum",
 "sleigh2macro",
 "sleigh4rust",
]

[[package]]
name = "ppc_32_le"
version = "0.1.0"
dependencies = [
 "ethnum",
 "sleigh2macro",
 "sleigh4rust",
]

[[package]]
name = "ppc_32_quicciii_be"
version = "0.1.0"
dependencies = [
 "ethnum",
 "sleigh2macro",
 "sleigh4rust",
]

[[package]]
name = "ppc_32_quicciii_le"
version = "0.1.0"
dependencies = [
 "ethnum",
 "sleigh2macro",
 "sleigh4rust",
]

[[package]]
name = "ppc_64_be"
version = "0.1.0"
dependencies = [
 "ethnum",
 "sleigh2macro",
 "sleigh4rust",
]

[[package]]
name = "ppc_64_isa_altivec_be"
version = "0.1.0"
dependencies = [
 "ethnum",
 "sleigh2macro",
 "sleigh4rust",
]

[[package]]
name = "ppc_64_isa_altivec_le"
version = "0.1.0"
dependencies = [
 "ethnum",
 "sleigh2macro",
 "sleigh4rust",
]

[[package]]
name = "ppc_64_isa_altivec_vle_be"
version = "0.1.0"
dependencies = [
 "ethnum",
 "sleigh2macro",
 "sleigh4rust",
]

[[package]]
name = "ppc_64_isa_be"
version = "0.1.0"
dependencies = [
 "ethnum",
 "sleigh2macro",
 "sleigh4rust",
]

[[package]]
name = "ppc_64_isa_le"
version = "0.1.0"
dependencies = [
 "ethnum",
 "sleigh2macro",
 "sleigh4rust",
]

[[package]]
name = "ppc_64_isa_vle_be"
version = "0.1.0"
dependencies = [
 "ethnum",
 "sleigh2macro",
 "sleigh4rust",
]

[[package]]
name = "ppc_64_le"
version = "0.1.0"
dependencies = [
 "ethnum",
 "sleigh2macro",
 "sleigh4rust",
]

[[package]]
name = "proc-macro2"
version = "1.0.51"
source = "registry+https://github.com/rust-lang/crates.io-index"
checksum = "5d727cae5b39d21da60fa540906919ad737832fe0b1c165da3a34d6548c849d6"
dependencies = [
 "unicode-ident",
]

[[package]]
name = "quote"
version = "1.0.23"
source = "registry+https://github.com/rust-lang/crates.io-index"
checksum = "8856d8364d252a14d474036ea1358d63c9e6965c8e5c1885c18f73d70bff9c7b"
dependencies = [
 "proc-macro2",
]

[[package]]
name = "radium"
version = "0.7.0"
source = "registry+https://github.com/rust-lang/crates.io-index"
checksum = "dc33ff2d4973d518d823d61aa239014831e521c75da58e3df4840d3f47749d09"

[[package]]
name = "riscv_ilp32d"
version = "0.1.0"
dependencies = [
 "ethnum",
 "sleigh2macro",
 "sleigh4rust",
]

[[package]]
name = "riscv_lp64d"
version = "0.1.0"
dependencies = [
 "ethnum",
 "sleigh2macro",
 "sleigh4rust",
]

[[package]]
name = "sh_1"
version = "0.1.0"
dependencies = [
 "ethnum",
 "sleigh2macro",
 "sleigh4rust",
]

[[package]]
name = "sh_2"
version = "0.1.0"
dependencies = [
 "ethnum",
 "sleigh2macro",
 "sleigh4rust",
]

[[package]]
name = "sh_2a"
version = "0.1.0"
dependencies = [
 "ethnum",
 "sleigh2macro",
 "sleigh4rust",
]

[[package]]
name = "sleigh-rs"
version = "0.1.0"
source = "registry+https://github.com/rust-lang/crates.io-index"
checksum = "3f20d588f29a69034ce5bc336464c661c409f693d1413392e29f8990cbf88a1b"
dependencies = [
 "indexmap",
 "nom",
 "sleigh4rust",
 "thiserror",
]

[[package]]
name = "sleigh2macro"
version = "0.1.0"
source = "registry+https://github.com/rust-lang/crates.io-index"
checksum = "460d2b92232e00c9ee53793b5f184af32e6df65ad02d61664382ebe493e735a8"
dependencies = [
 "litrs",
 "proc-macro2",
 "quote",
 "sleigh2rust",
]

[[package]]
name = "sleigh2rust"
version = "0.1.0"
source = "registry+https://github.com/rust-lang/crates.io-index"
checksum = "0e6caecc3bb624158c61b6967a2acddaafdfc29a554945c974cf5f893dbecb20"
dependencies = [
 "bitvec",
 "ethnum",
 "indexmap",
 "proc-macro2",
 "quote",
 "sleigh-rs",
 "sleigh4rust",
]

[[package]]
name = "sleigh4rust"
version = "0.1.0"
source = "registry+https://github.com/rust-lang/crates.io-index"
checksum = "7ec3bfb702b453ed705eb4113d39caef5be0c21f3f15f033b08ea0f6268113da"
dependencies = [
 "ethnum",
]

[[package]]
name = "sparcv9_32"
version = "0.1.0"
dependencies = [
 "ethnum",
 "sleigh2macro",
 "sleigh4rust",
]

[[package]]
name = "sparcv9_64"
version = "0.1.0"
dependencies = [
 "ethnum",
 "sleigh2macro",
 "sleigh4rust",
]

[[package]]
name = "superh4_be"
version = "0.1.0"
dependencies = [
 "ethnum",
 "sleigh2macro",
 "sleigh4rust",
]

[[package]]
name = "superh4_le"
version = "0.1.0"
dependencies = [
 "ethnum",
 "sleigh2macro",
 "sleigh4rust",
]

[[package]]
name = "syn"
version = "1.0.109"
source = "registry+https://github.com/rust-lang/crates.io-index"
checksum = "72b64191b275b66ffe2469e8af2c1cfe3bafa67b529ead792a6d0160888b4237"
dependencies = [
 "proc-macro2",
 "quote",
 "unicode-ident",
]

[[package]]
name = "tap"
version = "1.0.1"
source = "registry+https://github.com/rust-lang/crates.io-index"
checksum = "55937e1799185b12863d447f42597ed69d9928686b8d88a1df17376a097d8369"

[[package]]
name = "thiserror"
version = "1.0.39"
source = "registry+https://github.com/rust-lang/crates.io-index"
checksum = "a5ab016db510546d856297882807df8da66a16fb8c4101cb8b30054b0d5b2d9c"
dependencies = [
 "thiserror-impl",
]

[[package]]
name = "thiserror-impl"
version = "1.0.39"
source = "registry+https://github.com/rust-lang/crates.io-index"
checksum = "5420d42e90af0c38c3290abcca25b9b3bdf379fc9f55c528f53a269d9c9a267e"
dependencies = [
 "proc-macro2",
 "quote",
 "syn",
]

[[package]]
name = "ti_msp430"
version = "0.1.0"
dependencies = [
 "ethnum",
 "sleigh2macro",
 "sleigh4rust",
]

[[package]]
name = "toy64_be"
version = "0.1.0"
dependencies = [
 "ethnum",
 "sleigh2macro",
 "sleigh4rust",
]

[[package]]
name = "toy64_be_harvard"
version = "0.1.0"
dependencies = [
 "ethnum",
 "sleigh2macro",
 "sleigh4rust",
]

[[package]]
name = "toy64_le"
version = "0.1.0"
dependencies = [
 "ethnum",
 "sleigh2macro",
 "sleigh4rust",
]

[[package]]
name = "toy_be"
version = "0.1.0"
dependencies = [
 "ethnum",
 "sleigh2macro",
 "sleigh4rust",
]

[[package]]
name = "toy_be_posstack"
version = "0.1.0"
dependencies = [
 "ethnum",
 "sleigh2macro",
 "sleigh4rust",
]

[[package]]
name = "toy_builder_be"
version = "0.1.0"
dependencies = [
 "ethnum",
 "sleigh2macro",
 "sleigh4rust",
]

[[package]]
name = "toy_builder_be_align2"
version = "0.1.0"
dependencies = [
 "ethnum",
 "sleigh2macro",
 "sleigh4rust",
]

[[package]]
name = "toy_builder_le"
version = "0.1.0"
dependencies = [
 "ethnum",
 "sleigh2macro",
 "sleigh4rust",
]

[[package]]
name = "toy_builder_le_align2"
version = "0.1.0"
dependencies = [
 "ethnum",
 "sleigh2macro",
 "sleigh4rust",
]

[[package]]
name = "toy_le"
version = "0.1.0"
dependencies = [
 "ethnum",
 "sleigh2macro",
 "sleigh4rust",
]

[[package]]
name = "toy_wsz_be"
version = "0.1.0"
dependencies = [
 "ethnum",
 "sleigh2macro",
 "sleigh4rust",
]

[[package]]
name = "toy_wsz_le"
version = "0.1.0"
dependencies = [
 "ethnum",
 "sleigh2macro",
 "sleigh4rust",
]

[[package]]
name = "tricore"
version = "0.1.0"
dependencies = [
 "ethnum",
 "sleigh2macro",
 "sleigh4rust",
]

[[package]]
name = "unicode-ident"
version = "1.0.8"
source = "registry+https://github.com/rust-lang/crates.io-index"
checksum = "e5464a87b239f13a63a501f2701565754bae92d243d4bb7eb12f6d57d2269bf4"

[[package]]
name = "v850"
version = "0.1.0"
dependencies = [
 "ethnum",
 "sleigh2macro",
 "sleigh4rust",
]

[[package]]
name = "wyz"
version = "0.5.1"
source = "registry+https://github.com/rust-lang/crates.io-index"
checksum = "05f360fc0b24296329c78fda852a1e9ae82de9cf7b27dae4b7f62f118f77b9ed"
dependencies = [
 "tap",
]

[[package]]
name = "x86"
version = "0.1.0"
dependencies = [
 "ethnum",
 "sleigh2macro",
 "sleigh4rust",
]

[[package]]
name = "x86_64"
version = "0.1.0"
dependencies = [
 "ethnum",
 "sleigh2macro",
 "sleigh4rust",
]

[[package]]
name = "z180"
version = "0.1.0"
dependencies = [
 "ethnum",
 "sleigh2macro",
 "sleigh4rust",
]

[[package]]
name = "z80"
version = "0.1.0"
dependencies = [
 "ethnum",
 "sleigh2macro",
 "sleigh4rust",
]
