# This file is automatically @generated by Cargo.
# It is not intended for manual editing.
version = 3

[[package]]
name = "arm4_be"
version = "0.1.0"
dependencies = [
 "ethnum",
 "sleigh4rust",
]

[[package]]
name = "ethnum"
version = "1.3.2"
source = "registry+https://github.com/rust-lang/crates.io-index"
checksum = "0198b9d0078e0f30dedc7acbb21c974e838fc8fae3ee170128658a98cb2c1c04"

[[package]]
name = "sleigh4rust"
version = "0.1.0"
dependencies = [
 "ethnum",
]
